// !$*UTF8*$!
{
	archiveVersion = 1;
	classes = {
	};
	objectVersion = 46;
	objects = {

/* Begin PBXBuildFile section */
		340627261F53320D00821E39 /* ReceiveTextCell.swift in Sources */ = {isa = PBXBuildFile; fileRef = 340627221F53320D00821E39 /* ReceiveTextCell.swift */; };
		340627271F53320D00821E39 /* ReceiveTextCell.xib in Resources */ = {isa = PBXBuildFile; fileRef = 340627231F53320D00821E39 /* ReceiveTextCell.xib */; };
		340627281F53320D00821E39 /* SendTextCell.swift in Sources */ = {isa = PBXBuildFile; fileRef = 340627241F53320D00821E39 /* SendTextCell.swift */; };
		340627291F53320D00821E39 /* SendTextCell.xib in Resources */ = {isa = PBXBuildFile; fileRef = 340627251F53320D00821E39 /* SendTextCell.xib */; };
		3406272F1F5ADAC500821E39 /* DataManager.swift in Sources */ = {isa = PBXBuildFile; fileRef = 3406272E1F5ADAC500821E39 /* DataManager.swift */; };
		3409FB9B20025682001FF169 /* UploadStoryTextCell.swift in Sources */ = {isa = PBXBuildFile; fileRef = 3409FB9920025682001FF169 /* UploadStoryTextCell.swift */; };
		3409FB9C20025682001FF169 /* UploadStoryTextCell.xib in Resources */ = {isa = PBXBuildFile; fileRef = 3409FB9A20025682001FF169 /* UploadStoryTextCell.xib */; };
		3409FBA1200256B1001FF169 /* UploadStoryImageCell.swift in Sources */ = {isa = PBXBuildFile; fileRef = 3409FB9F200256B1001FF169 /* UploadStoryImageCell.swift */; };
		3409FBA2200256B1001FF169 /* UploadStoryImageCell.xib in Resources */ = {isa = PBXBuildFile; fileRef = 3409FBA0200256B1001FF169 /* UploadStoryImageCell.xib */; };
		341628CF202FDA2F000E2FE7 /* UserInfoViewController.swift in Sources */ = {isa = PBXBuildFile; fileRef = 341628CE202FDA2F000E2FE7 /* UserInfoViewController.swift */; };
		341628DF20300776000E2FE7 /* EditUserInfoViewController.swift in Sources */ = {isa = PBXBuildFile; fileRef = 341628DE20300776000E2FE7 /* EditUserInfoViewController.swift */; };
		34211D221F3A0714000F0C94 /* Contact.storyboard in Resources */ = {isa = PBXBuildFile; fileRef = 34211D091F3A0714000F0C94 /* Contact.storyboard */; };
		34211D241F3A0714000F0C94 /* Login.storyboard in Resources */ = {isa = PBXBuildFile; fileRef = 34211D0B1F3A0714000F0C94 /* Login.storyboard */; };
		34211D251F3A0714000F0C94 /* SignUp.storyboard in Resources */ = {isa = PBXBuildFile; fileRef = 34211D0C1F3A0714000F0C94 /* SignUp.storyboard */; };
		34211D271F3A0714000F0C94 /* TalkRoom.storyboard in Resources */ = {isa = PBXBuildFile; fileRef = 34211D0E1F3A0714000F0C94 /* TalkRoom.storyboard */; };
		34211D281F3A0714000F0C94 /* ContactCell.swift in Sources */ = {isa = PBXBuildFile; fileRef = 34211D121F3A0714000F0C94 /* ContactCell.swift */; };
		34211D291F3A0714000F0C94 /* ContactCell.xib in Resources */ = {isa = PBXBuildFile; fileRef = 34211D131F3A0714000F0C94 /* ContactCell.xib */; };
		34211D2A1F3A0714000F0C94 /* ContactViewController.swift in Sources */ = {isa = PBXBuildFile; fileRef = 34211D141F3A0714000F0C94 /* ContactViewController.swift */; };
		34211D2B1F3A0714000F0C94 /* LoginViewController.swift in Sources */ = {isa = PBXBuildFile; fileRef = 34211D171F3A0714000F0C94 /* LoginViewController.swift */; };
		34211D301F3A0714000F0C94 /* TalkRoomViewController.swift in Sources */ = {isa = PBXBuildFile; fileRef = 34211D211F3A0714000F0C94 /* TalkRoomViewController.swift */; };
		342600121FD3B2EA009857E7 /* UserInfo.swift in Sources */ = {isa = PBXBuildFile; fileRef = 342600111FD3B2EA009857E7 /* UserInfo.swift */; };
		342600161FD3B34B009857E7 /* Message.swift in Sources */ = {isa = PBXBuildFile; fileRef = 342600151FD3B34B009857E7 /* Message.swift */; };
		342600181FD3B392009857E7 /* ChatRoom.swift in Sources */ = {isa = PBXBuildFile; fileRef = 342600171FD3B392009857E7 /* ChatRoom.swift */; };
		3426001A1FD3B3C4009857E7 /* Follow.swift in Sources */ = {isa = PBXBuildFile; fileRef = 342600191FD3B3C4009857E7 /* Follow.swift */; };
		3426001C1FD3B3F4009857E7 /* Posts.swift in Sources */ = {isa = PBXBuildFile; fileRef = 3426001B1FD3B3F4009857E7 /* Posts.swift */; };
		342888621FB9D2AE00D7EB61 /* Story.storyboard in Resources */ = {isa = PBXBuildFile; fileRef = 342888611FB9D2AE00D7EB61 /* Story.storyboard */; };
		342888641FB9D33000D7EB61 /* StoryViewController.swift in Sources */ = {isa = PBXBuildFile; fileRef = 342888631FB9D33000D7EB61 /* StoryViewController.swift */; };
		342888681FB9D7E900D7EB61 /* PostsTableViewCell.swift in Sources */ = {isa = PBXBuildFile; fileRef = 342888661FB9D7E900D7EB61 /* PostsTableViewCell.swift */; };
		342888691FB9D7E900D7EB61 /* PostsTableViewCell.xib in Resources */ = {isa = PBXBuildFile; fileRef = 342888671FB9D7E900D7EB61 /* PostsTableViewCell.xib */; };
		343071681FFB417800503F77 /* AlbumViewController.swift in Sources */ = {isa = PBXBuildFile; fileRef = 343071671FFB417800503F77 /* AlbumViewController.swift */; };
		3430716A1FFB418800503F77 /* Album.storyboard in Resources */ = {isa = PBXBuildFile; fileRef = 343071691FFB418800503F77 /* Album.storyboard */; };
		343071701FFB424700503F77 /* AlbumCell.swift in Sources */ = {isa = PBXBuildFile; fileRef = 3430716E1FFB424700503F77 /* AlbumCell.swift */; };
		343071711FFB424700503F77 /* AlbumCell.xib in Resources */ = {isa = PBXBuildFile; fileRef = 3430716F1FFB424700503F77 /* AlbumCell.xib */; };
		3441E85A2013A271004DB937 /* AVFoundation.framework in Frameworks */ = {isa = PBXBuildFile; fileRef = 3441E8592013A271004DB937 /* AVFoundation.framework */; };
		3459A70E1F3B3CC8000D2FC5 /* CoreDataHelper.swift in Sources */ = {isa = PBXBuildFile; fileRef = 3459A70D1F3B3CC8000D2FC5 /* CoreDataHelper.swift */; };
		3459A7271F504AA6000D2FC5 /* RemoteChatManager.swift in Sources */ = {isa = PBXBuildFile; fileRef = 3459A7261F504AA6000D2FC5 /* RemoteChatManager.swift */; };
		3459A7351F5264B2000D2FC5 /* UserInfo.storyboard in Resources */ = {isa = PBXBuildFile; fileRef = 3459A7341F5264B2000D2FC5 /* UserInfo.storyboard */; };
		3461F4FD1F6E6CAE000D09D5 /* UIView+Frame.swift in Sources */ = {isa = PBXBuildFile; fileRef = 3461F4FC1F6E6CAE000D09D5 /* UIView+Frame.swift */; };
		346219601F65051E004998E8 /* Common.swift in Sources */ = {isa = PBXBuildFile; fileRef = 3462195F1F65051E004998E8 /* Common.swift */; };
		346219631F66CACE004998E8 /* CustomBadgeView.swift in Sources */ = {isa = PBXBuildFile; fileRef = 346219621F66CACE004998E8 /* CustomBadgeView.swift */; };
		346219671F696D56004998E8 /* UIImage+Color.swift in Sources */ = {isa = PBXBuildFile; fileRef = 346219661F696D56004998E8 /* UIImage+Color.swift */; };
		346BAA311F8F9A5E0065A762 /* SignUpViewController.swift in Sources */ = {isa = PBXBuildFile; fileRef = 346BAA301F8F9A5E0065A762 /* SignUpViewController.swift */; };
		346BAA351F92471B0065A762 /* Response.swift in Sources */ = {isa = PBXBuildFile; fileRef = 346BAA341F92471B0065A762 /* Response.swift */; };
		346BAA371F9E1FDD0065A762 /* Const.swift in Sources */ = {isa = PBXBuildFile; fileRef = 346BAA361F9E1FDC0065A762 /* Const.swift */; };
		3476B0A52042B5630078256D /* FindViewController.swift in Sources */ = {isa = PBXBuildFile; fileRef = 3476B0A42042B5630078256D /* FindViewController.swift */; };
		3476B0A82042B57B0078256D /* FindCell.swift in Sources */ = {isa = PBXBuildFile; fileRef = 3476B0A62042B57B0078256D /* FindCell.swift */; };
		3476B0A92042B57B0078256D /* FindCell.xib in Resources */ = {isa = PBXBuildFile; fileRef = 3476B0A72042B57B0078256D /* FindCell.xib */; };
		3476B0AB2042B5960078256D /* Find.storyboard in Resources */ = {isa = PBXBuildFile; fileRef = 3476B0AA2042B5960078256D /* Find.storyboard */; };
		3476B0AF20443C850078256D /* MatchingViewController.swift in Sources */ = {isa = PBXBuildFile; fileRef = 3476B0AE20443C850078256D /* MatchingViewController.swift */; };
		3476B0B120443C960078256D /* Matching.storyboard in Resources */ = {isa = PBXBuildFile; fileRef = 3476B0B020443C960078256D /* Matching.storyboard */; };
		3476B0B320443D2F0078256D /* R.generated.swift in Sources */ = {isa = PBXBuildFile; fileRef = 3476B0B220443D2F0078256D /* R.generated.swift */; };
		3476B0B620443F150078256D /* SideMenu.storyboard in Resources */ = {isa = PBXBuildFile; fileRef = 3476B0B520443F150078256D /* SideMenu.storyboard */; };
		3476B0B8204440BB0078256D /* SideMenuViewController.swift in Sources */ = {isa = PBXBuildFile; fileRef = 3476B0B7204440BB0078256D /* SideMenuViewController.swift */; };
		3476B0BF204455900078256D /* SideHeaderCell.swift in Sources */ = {isa = PBXBuildFile; fileRef = 3476B0BD204455900078256D /* SideHeaderCell.swift */; };
		3476B0C0204455900078256D /* SideHeaderCell.xib in Resources */ = {isa = PBXBuildFile; fileRef = 3476B0BE204455900078256D /* SideHeaderCell.xib */; };
		3476B0C320457B630078256D /* SideNormalCell.swift in Sources */ = {isa = PBXBuildFile; fileRef = 3476B0C120457B630078256D /* SideNormalCell.swift */; };
		3476B0C420457B630078256D /* SideNormalCell.xib in Resources */ = {isa = PBXBuildFile; fileRef = 3476B0C220457B630078256D /* SideNormalCell.xib */; };
		3476B0C92046D7820078256D /* Browse.storyboard in Resources */ = {isa = PBXBuildFile; fileRef = 3476B0C82046D7820078256D /* Browse.storyboard */; };
		3476B0CB2046D7E60078256D /* BrowseViewController.swift in Sources */ = {isa = PBXBuildFile; fileRef = 3476B0CA2046D7E60078256D /* BrowseViewController.swift */; };
		3476B0CE2046D8CE0078256D /* BrowseCell.swift in Sources */ = {isa = PBXBuildFile; fileRef = 3476B0CC2046D8CE0078256D /* BrowseCell.swift */; };
		3476B0CF2046D8CE0078256D /* BrowseCell.xib in Resources */ = {isa = PBXBuildFile; fileRef = 3476B0CD2046D8CE0078256D /* BrowseCell.xib */; };
		347CAAD01FE7F413006562E6 /* UploadStoryViewController.swift in Sources */ = {isa = PBXBuildFile; fileRef = 347CAACF1FE7F413006562E6 /* UploadStoryViewController.swift */; };
		347CAAD21FE7F42C006562E6 /* UploadStory.storyboard in Resources */ = {isa = PBXBuildFile; fileRef = 347CAAD11FE7F42C006562E6 /* UploadStory.storyboard */; };
		347DB0841F9F6F3700192DC5 /* MessageDao.swift in Sources */ = {isa = PBXBuildFile; fileRef = 347DB0831F9F6F3700192DC5 /* MessageDao.swift */; };
		347DB0861F9F6F4600192DC5 /* ChatRoomDao.swift in Sources */ = {isa = PBXBuildFile; fileRef = 347DB0851F9F6F4600192DC5 /* ChatRoomDao.swift */; };
		3486C0482057F9C600FF3B23 /* EditProfileCell.swift in Sources */ = {isa = PBXBuildFile; fileRef = 3486C0472057F9C600FF3B23 /* EditProfileCell.swift */; };
		3486C04A2057F9F100FF3B23 /* EditBioCell.swift in Sources */ = {isa = PBXBuildFile; fileRef = 3486C0492057F9F100FF3B23 /* EditBioCell.swift */; };
		3486C04C2057FA0800FF3B23 /* EditContactInfoCell.swift in Sources */ = {isa = PBXBuildFile; fileRef = 3486C04B2057FA0800FF3B23 /* EditContactInfoCell.swift */; };
		349B65572042A52500576F39 /* TalkHistory.storyboard in Resources */ = {isa = PBXBuildFile; fileRef = 349B65562042A52500576F39 /* TalkHistory.storyboard */; };
		349B65592042A56900576F39 /* TalkHistoryViewController.swift in Sources */ = {isa = PBXBuildFile; fileRef = 349B65582042A56900576F39 /* TalkHistoryViewController.swift */; };
		349B655D2042A61F00576F39 /* TalkHistoryCell.swift in Sources */ = {isa = PBXBuildFile; fileRef = 349B655B2042A61F00576F39 /* TalkHistoryCell.swift */; };
		349B655E2042A61F00576F39 /* TalkHistoryCell.xib in Resources */ = {isa = PBXBuildFile; fileRef = 349B655C2042A61F00576F39 /* TalkHistoryCell.xib */; };
		349EAD521F2F55CE005833ED /* talk.xcdatamodeld in Sources */ = {isa = PBXBuildFile; fileRef = 349EAD501F2F55CE005833ED /* talk.xcdatamodeld */; };
		349EAD541F2F55CE005833ED /* Assets.xcassets in Resources */ = {isa = PBXBuildFile; fileRef = 349EAD531F2F55CE005833ED /* Assets.xcassets */; };
		349EAD6A1F2F59CF005833ED /* AppDelegate.swift in Sources */ = {isa = PBXBuildFile; fileRef = 349EAD661F2F59CF005833ED /* AppDelegate.swift */; };
		349EAD6B1F2F59CF005833ED /* LaunchScreen.storyboard in Resources */ = {isa = PBXBuildFile; fileRef = 349EAD681F2F59CF005833ED /* LaunchScreen.storyboard */; };
		34A13B892016086B00E6688E /* EditUserInfo.storyboard in Resources */ = {isa = PBXBuildFile; fileRef = 34A13B882016086B00E6688E /* EditUserInfo.storyboard */; };
		34C40DFE204EC48200F160D0 /* Setting.storyboard in Resources */ = {isa = PBXBuildFile; fileRef = 34C40DFD204EC48200F160D0 /* Setting.storyboard */; };
		34C40E00204EC49800F160D0 /* SettingViewController.swift in Sources */ = {isa = PBXBuildFile; fileRef = 34C40DFF204EC49800F160D0 /* SettingViewController.swift */; };
		34C40E02205159FC00F160D0 /* ProfileCell.swift in Sources */ = {isa = PBXBuildFile; fileRef = 34C40E01205159FC00F160D0 /* ProfileCell.swift */; };
		34C40E0420515A2A00F160D0 /* BioCell.swift in Sources */ = {isa = PBXBuildFile; fileRef = 34C40E0320515A2A00F160D0 /* BioCell.swift */; };
		34C40E0620515A4200F160D0 /* ContactInfoCell.swift in Sources */ = {isa = PBXBuildFile; fileRef = 34C40E0520515A4200F160D0 /* ContactInfoCell.swift */; };
		34CA961E1FFCA8A800F1FA1C /* Peek.storyboard in Resources */ = {isa = PBXBuildFile; fileRef = 34CA961D1FFCA8A800F1FA1C /* Peek.storyboard */; };
		34CA96201FFCA8F000F1FA1C /* PeekViewController.swift in Sources */ = {isa = PBXBuildFile; fileRef = 34CA961F1FFCA8F000F1FA1C /* PeekViewController.swift */; };
		7ACAED9D2011BED6007C397E /* UIViewController+VisibleViewController.swift in Sources */ = {isa = PBXBuildFile; fileRef = 7ACAED9C2011BED6007C397E /* UIViewController+VisibleViewController.swift */; };
		804786F12FEC50D2922F1B4E /* Pods_talk.framework in Frameworks */ = {isa = PBXBuildFile; fileRef = 30ACE6F08B4BEC66F2F7EE75 /* Pods_talk.framework */; };
/* End PBXBuildFile section */

/* Begin PBXFileReference section */
		1C88405B7140C053588D5714 /* Pods-talk.release.xcconfig */ = {isa = PBXFileReference; includeInIndex = 1; lastKnownFileType = text.xcconfig; name = "Pods-talk.release.xcconfig"; path = "Pods/Target Support Files/Pods-talk/Pods-talk.release.xcconfig"; sourceTree = "<group>"; };
		30ACE6F08B4BEC66F2F7EE75 /* Pods_talk.framework */ = {isa = PBXFileReference; explicitFileType = wrapper.framework; includeInIndex = 0; path = Pods_talk.framework; sourceTree = BUILT_PRODUCTS_DIR; };
		340627221F53320D00821E39 /* ReceiveTextCell.swift */ = {isa = PBXFileReference; fileEncoding = 4; lastKnownFileType = sourcecode.swift; path = ReceiveTextCell.swift; sourceTree = "<group>"; };
		340627231F53320D00821E39 /* ReceiveTextCell.xib */ = {isa = PBXFileReference; fileEncoding = 4; lastKnownFileType = file.xib; path = ReceiveTextCell.xib; sourceTree = "<group>"; };
		340627241F53320D00821E39 /* SendTextCell.swift */ = {isa = PBXFileReference; fileEncoding = 4; lastKnownFileType = sourcecode.swift; path = SendTextCell.swift; sourceTree = "<group>"; };
		340627251F53320D00821E39 /* SendTextCell.xib */ = {isa = PBXFileReference; fileEncoding = 4; lastKnownFileType = file.xib; path = SendTextCell.xib; sourceTree = "<group>"; };
		3406272E1F5ADAC500821E39 /* DataManager.swift */ = {isa = PBXFileReference; fileEncoding = 4; lastKnownFileType = sourcecode.swift; path = DataManager.swift; sourceTree = "<group>"; };
		3409FB9920025682001FF169 /* UploadStoryTextCell.swift */ = {isa = PBXFileReference; lastKnownFileType = sourcecode.swift; path = UploadStoryTextCell.swift; sourceTree = "<group>"; };
		3409FB9A20025682001FF169 /* UploadStoryTextCell.xib */ = {isa = PBXFileReference; lastKnownFileType = file.xib; path = UploadStoryTextCell.xib; sourceTree = "<group>"; };
		3409FB9F200256B1001FF169 /* UploadStoryImageCell.swift */ = {isa = PBXFileReference; lastKnownFileType = sourcecode.swift; path = UploadStoryImageCell.swift; sourceTree = "<group>"; };
		3409FBA0200256B1001FF169 /* UploadStoryImageCell.xib */ = {isa = PBXFileReference; lastKnownFileType = file.xib; path = UploadStoryImageCell.xib; sourceTree = "<group>"; };
		341628CE202FDA2F000E2FE7 /* UserInfoViewController.swift */ = {isa = PBXFileReference; lastKnownFileType = sourcecode.swift; path = UserInfoViewController.swift; sourceTree = "<group>"; };
		341628DE20300776000E2FE7 /* EditUserInfoViewController.swift */ = {isa = PBXFileReference; lastKnownFileType = sourcecode.swift; path = EditUserInfoViewController.swift; sourceTree = "<group>"; };
		34211D091F3A0714000F0C94 /* Contact.storyboard */ = {isa = PBXFileReference; fileEncoding = 4; lastKnownFileType = file.storyboard; path = Contact.storyboard; sourceTree = "<group>"; };
		34211D0B1F3A0714000F0C94 /* Login.storyboard */ = {isa = PBXFileReference; fileEncoding = 4; lastKnownFileType = file.storyboard; path = Login.storyboard; sourceTree = "<group>"; };
		34211D0C1F3A0714000F0C94 /* SignUp.storyboard */ = {isa = PBXFileReference; fileEncoding = 4; lastKnownFileType = file.storyboard; path = SignUp.storyboard; sourceTree = "<group>"; };
		34211D0E1F3A0714000F0C94 /* TalkRoom.storyboard */ = {isa = PBXFileReference; fileEncoding = 4; lastKnownFileType = file.storyboard; path = TalkRoom.storyboard; sourceTree = "<group>"; };
		34211D121F3A0714000F0C94 /* ContactCell.swift */ = {isa = PBXFileReference; fileEncoding = 4; lastKnownFileType = sourcecode.swift; path = ContactCell.swift; sourceTree = "<group>"; };
		34211D131F3A0714000F0C94 /* ContactCell.xib */ = {isa = PBXFileReference; fileEncoding = 4; lastKnownFileType = file.xib; path = ContactCell.xib; sourceTree = "<group>"; };
		34211D141F3A0714000F0C94 /* ContactViewController.swift */ = {isa = PBXFileReference; fileEncoding = 4; lastKnownFileType = sourcecode.swift; path = ContactViewController.swift; sourceTree = "<group>"; };
		34211D171F3A0714000F0C94 /* LoginViewController.swift */ = {isa = PBXFileReference; fileEncoding = 4; lastKnownFileType = sourcecode.swift; path = LoginViewController.swift; sourceTree = "<group>"; };
		34211D211F3A0714000F0C94 /* TalkRoomViewController.swift */ = {isa = PBXFileReference; fileEncoding = 4; lastKnownFileType = sourcecode.swift; path = TalkRoomViewController.swift; sourceTree = "<group>"; };
		342600111FD3B2EA009857E7 /* UserInfo.swift */ = {isa = PBXFileReference; lastKnownFileType = sourcecode.swift; path = UserInfo.swift; sourceTree = "<group>"; };
		342600151FD3B34B009857E7 /* Message.swift */ = {isa = PBXFileReference; lastKnownFileType = sourcecode.swift; path = Message.swift; sourceTree = "<group>"; };
		342600171FD3B392009857E7 /* ChatRoom.swift */ = {isa = PBXFileReference; lastKnownFileType = sourcecode.swift; path = ChatRoom.swift; sourceTree = "<group>"; };
		342600191FD3B3C4009857E7 /* Follow.swift */ = {isa = PBXFileReference; lastKnownFileType = sourcecode.swift; path = Follow.swift; sourceTree = "<group>"; };
		3426001B1FD3B3F4009857E7 /* Posts.swift */ = {isa = PBXFileReference; lastKnownFileType = sourcecode.swift; path = Posts.swift; sourceTree = "<group>"; };
		342888611FB9D2AE00D7EB61 /* Story.storyboard */ = {isa = PBXFileReference; lastKnownFileType = file.storyboard; path = Story.storyboard; sourceTree = "<group>"; };
		342888631FB9D33000D7EB61 /* StoryViewController.swift */ = {isa = PBXFileReference; lastKnownFileType = sourcecode.swift; path = StoryViewController.swift; sourceTree = "<group>"; };
		342888661FB9D7E900D7EB61 /* PostsTableViewCell.swift */ = {isa = PBXFileReference; lastKnownFileType = sourcecode.swift; path = PostsTableViewCell.swift; sourceTree = "<group>"; };
		342888671FB9D7E900D7EB61 /* PostsTableViewCell.xib */ = {isa = PBXFileReference; lastKnownFileType = file.xib; path = PostsTableViewCell.xib; sourceTree = "<group>"; };
		343071671FFB417800503F77 /* AlbumViewController.swift */ = {isa = PBXFileReference; lastKnownFileType = sourcecode.swift; path = AlbumViewController.swift; sourceTree = "<group>"; };
		343071691FFB418800503F77 /* Album.storyboard */ = {isa = PBXFileReference; lastKnownFileType = file.storyboard; path = Album.storyboard; sourceTree = "<group>"; };
		3430716E1FFB424700503F77 /* AlbumCell.swift */ = {isa = PBXFileReference; lastKnownFileType = sourcecode.swift; path = AlbumCell.swift; sourceTree = "<group>"; };
		3430716F1FFB424700503F77 /* AlbumCell.xib */ = {isa = PBXFileReference; lastKnownFileType = file.xib; path = AlbumCell.xib; sourceTree = "<group>"; };
		3441E8592013A271004DB937 /* AVFoundation.framework */ = {isa = PBXFileReference; lastKnownFileType = wrapper.framework; name = AVFoundation.framework; path = System/Library/Frameworks/AVFoundation.framework; sourceTree = SDKROOT; };
		3459A70D1F3B3CC8000D2FC5 /* CoreDataHelper.swift */ = {isa = PBXFileReference; fileEncoding = 4; lastKnownFileType = sourcecode.swift; path = CoreDataHelper.swift; sourceTree = "<group>"; };
		3459A7261F504AA6000D2FC5 /* RemoteChatManager.swift */ = {isa = PBXFileReference; fileEncoding = 4; lastKnownFileType = sourcecode.swift; path = RemoteChatManager.swift; sourceTree = "<group>"; };
		3459A7341F5264B2000D2FC5 /* UserInfo.storyboard */ = {isa = PBXFileReference; fileEncoding = 4; lastKnownFileType = file.storyboard; path = UserInfo.storyboard; sourceTree = "<group>"; };
		3461F4FC1F6E6CAE000D09D5 /* UIView+Frame.swift */ = {isa = PBXFileReference; fileEncoding = 4; lastKnownFileType = sourcecode.swift; path = "UIView+Frame.swift"; sourceTree = "<group>"; };
		3462195F1F65051E004998E8 /* Common.swift */ = {isa = PBXFileReference; fileEncoding = 4; lastKnownFileType = sourcecode.swift; path = Common.swift; sourceTree = "<group>"; };
		346219621F66CACE004998E8 /* CustomBadgeView.swift */ = {isa = PBXFileReference; fileEncoding = 4; lastKnownFileType = sourcecode.swift; path = CustomBadgeView.swift; sourceTree = "<group>"; };
		346219661F696D56004998E8 /* UIImage+Color.swift */ = {isa = PBXFileReference; fileEncoding = 4; lastKnownFileType = sourcecode.swift; path = "UIImage+Color.swift"; sourceTree = "<group>"; };
		346BAA301F8F9A5E0065A762 /* SignUpViewController.swift */ = {isa = PBXFileReference; fileEncoding = 4; lastKnownFileType = sourcecode.swift; path = SignUpViewController.swift; sourceTree = "<group>"; };
		346BAA341F92471B0065A762 /* Response.swift */ = {isa = PBXFileReference; lastKnownFileType = sourcecode.swift; path = Response.swift; sourceTree = "<group>"; };
		346BAA361F9E1FDC0065A762 /* Const.swift */ = {isa = PBXFileReference; fileEncoding = 4; lastKnownFileType = sourcecode.swift; path = Const.swift; sourceTree = "<group>"; };
		3476B0A42042B5630078256D /* FindViewController.swift */ = {isa = PBXFileReference; lastKnownFileType = sourcecode.swift; path = FindViewController.swift; sourceTree = "<group>"; };
		3476B0A62042B57B0078256D /* FindCell.swift */ = {isa = PBXFileReference; lastKnownFileType = sourcecode.swift; path = FindCell.swift; sourceTree = "<group>"; };
		3476B0A72042B57B0078256D /* FindCell.xib */ = {isa = PBXFileReference; lastKnownFileType = file.xib; path = FindCell.xib; sourceTree = "<group>"; };
		3476B0AA2042B5960078256D /* Find.storyboard */ = {isa = PBXFileReference; lastKnownFileType = file.storyboard; path = Find.storyboard; sourceTree = "<group>"; };
		3476B0AE20443C850078256D /* MatchingViewController.swift */ = {isa = PBXFileReference; lastKnownFileType = sourcecode.swift; path = MatchingViewController.swift; sourceTree = "<group>"; };
		3476B0B020443C960078256D /* Matching.storyboard */ = {isa = PBXFileReference; lastKnownFileType = file.storyboard; path = Matching.storyboard; sourceTree = "<group>"; };
		3476B0B220443D2F0078256D /* R.generated.swift */ = {isa = PBXFileReference; fileEncoding = 4; lastKnownFileType = sourcecode.swift; path = R.generated.swift; sourceTree = SOURCE_ROOT; };
		3476B0B520443F150078256D /* SideMenu.storyboard */ = {isa = PBXFileReference; lastKnownFileType = file.storyboard; path = SideMenu.storyboard; sourceTree = "<group>"; };
		3476B0B7204440BB0078256D /* SideMenuViewController.swift */ = {isa = PBXFileReference; lastKnownFileType = sourcecode.swift; path = SideMenuViewController.swift; sourceTree = "<group>"; };
		3476B0BD204455900078256D /* SideHeaderCell.swift */ = {isa = PBXFileReference; lastKnownFileType = sourcecode.swift; path = SideHeaderCell.swift; sourceTree = "<group>"; };
		3476B0BE204455900078256D /* SideHeaderCell.xib */ = {isa = PBXFileReference; lastKnownFileType = file.xib; path = SideHeaderCell.xib; sourceTree = "<group>"; };
		3476B0C120457B630078256D /* SideNormalCell.swift */ = {isa = PBXFileReference; lastKnownFileType = sourcecode.swift; path = SideNormalCell.swift; sourceTree = "<group>"; };
		3476B0C220457B630078256D /* SideNormalCell.xib */ = {isa = PBXFileReference; lastKnownFileType = file.xib; path = SideNormalCell.xib; sourceTree = "<group>"; };
		3476B0C82046D7820078256D /* Browse.storyboard */ = {isa = PBXFileReference; lastKnownFileType = file.storyboard; path = Browse.storyboard; sourceTree = "<group>"; };
		3476B0CA2046D7E60078256D /* BrowseViewController.swift */ = {isa = PBXFileReference; lastKnownFileType = sourcecode.swift; path = BrowseViewController.swift; sourceTree = "<group>"; };
		3476B0CC2046D8CE0078256D /* BrowseCell.swift */ = {isa = PBXFileReference; lastKnownFileType = sourcecode.swift; path = BrowseCell.swift; sourceTree = "<group>"; };
		3476B0CD2046D8CE0078256D /* BrowseCell.xib */ = {isa = PBXFileReference; lastKnownFileType = file.xib; path = BrowseCell.xib; sourceTree = "<group>"; };
		347CAACF1FE7F413006562E6 /* UploadStoryViewController.swift */ = {isa = PBXFileReference; lastKnownFileType = sourcecode.swift; path = UploadStoryViewController.swift; sourceTree = "<group>"; };
		347CAAD11FE7F42C006562E6 /* UploadStory.storyboard */ = {isa = PBXFileReference; lastKnownFileType = file.storyboard; path = UploadStory.storyboard; sourceTree = "<group>"; };
		347DB0831F9F6F3700192DC5 /* MessageDao.swift */ = {isa = PBXFileReference; lastKnownFileType = sourcecode.swift; path = MessageDao.swift; sourceTree = "<group>"; };
		347DB0851F9F6F4600192DC5 /* ChatRoomDao.swift */ = {isa = PBXFileReference; lastKnownFileType = sourcecode.swift; path = ChatRoomDao.swift; sourceTree = "<group>"; };
		3486C0472057F9C600FF3B23 /* EditProfileCell.swift */ = {isa = PBXFileReference; fileEncoding = 4; lastKnownFileType = sourcecode.swift; name = EditProfileCell.swift; path = talk/View/EditUserInfo/EditProfileCell.swift; sourceTree = SOURCE_ROOT; };
		3486C0492057F9F100FF3B23 /* EditBioCell.swift */ = {isa = PBXFileReference; lastKnownFileType = sourcecode.swift; name = EditBioCell.swift; path = talk/View/EditUserInfo/EditBioCell.swift; sourceTree = SOURCE_ROOT; };
		3486C04B2057FA0800FF3B23 /* EditContactInfoCell.swift */ = {isa = PBXFileReference; lastKnownFileType = sourcecode.swift; name = EditContactInfoCell.swift; path = talk/View/EditUserInfo/EditContactInfoCell.swift; sourceTree = SOURCE_ROOT; };
		349B65562042A52500576F39 /* TalkHistory.storyboard */ = {isa = PBXFileReference; lastKnownFileType = file.storyboard; path = TalkHistory.storyboard; sourceTree = "<group>"; };
		349B65582042A56900576F39 /* TalkHistoryViewController.swift */ = {isa = PBXFileReference; lastKnownFileType = sourcecode.swift; path = TalkHistoryViewController.swift; sourceTree = "<group>"; };
		349B655B2042A61F00576F39 /* TalkHistoryCell.swift */ = {isa = PBXFileReference; lastKnownFileType = sourcecode.swift; path = TalkHistoryCell.swift; sourceTree = "<group>"; };
		349B655C2042A61F00576F39 /* TalkHistoryCell.xib */ = {isa = PBXFileReference; lastKnownFileType = file.xib; path = TalkHistoryCell.xib; sourceTree = "<group>"; };
		349EAD461F2F55CE005833ED /* talk.app */ = {isa = PBXFileReference; explicitFileType = wrapper.application; includeInIndex = 0; path = talk.app; sourceTree = BUILT_PRODUCTS_DIR; };
		349EAD511F2F55CE005833ED /* talk.xcdatamodel */ = {isa = PBXFileReference; lastKnownFileType = wrapper.xcdatamodel; path = talk.xcdatamodel; sourceTree = "<group>"; };
		349EAD531F2F55CE005833ED /* Assets.xcassets */ = {isa = PBXFileReference; lastKnownFileType = folder.assetcatalog; path = Assets.xcassets; sourceTree = "<group>"; };
		349EAD581F2F55CE005833ED /* Info.plist */ = {isa = PBXFileReference; lastKnownFileType = text.plist.xml; path = Info.plist; sourceTree = "<group>"; };
		349EAD661F2F59CF005833ED /* AppDelegate.swift */ = {isa = PBXFileReference; fileEncoding = 4; lastKnownFileType = sourcecode.swift; path = AppDelegate.swift; sourceTree = "<group>"; };
		349EAD681F2F59CF005833ED /* LaunchScreen.storyboard */ = {isa = PBXFileReference; fileEncoding = 4; lastKnownFileType = file.storyboard; path = LaunchScreen.storyboard; sourceTree = "<group>"; };
		34A13B882016086B00E6688E /* EditUserInfo.storyboard */ = {isa = PBXFileReference; lastKnownFileType = file.storyboard; path = EditUserInfo.storyboard; sourceTree = "<group>"; };
		34C40DFD204EC48200F160D0 /* Setting.storyboard */ = {isa = PBXFileReference; lastKnownFileType = file.storyboard; path = Setting.storyboard; sourceTree = "<group>"; };
		34C40DFF204EC49800F160D0 /* SettingViewController.swift */ = {isa = PBXFileReference; lastKnownFileType = sourcecode.swift; path = SettingViewController.swift; sourceTree = "<group>"; };
		34C40E01205159FC00F160D0 /* ProfileCell.swift */ = {isa = PBXFileReference; lastKnownFileType = sourcecode.swift; path = ProfileCell.swift; sourceTree = "<group>"; };
		34C40E0320515A2A00F160D0 /* BioCell.swift */ = {isa = PBXFileReference; lastKnownFileType = sourcecode.swift; path = BioCell.swift; sourceTree = "<group>"; };
		34C40E0520515A4200F160D0 /* ContactInfoCell.swift */ = {isa = PBXFileReference; lastKnownFileType = sourcecode.swift; path = ContactInfoCell.swift; sourceTree = "<group>"; };
		34CA961D1FFCA8A800F1FA1C /* Peek.storyboard */ = {isa = PBXFileReference; lastKnownFileType = file.storyboard; path = Peek.storyboard; sourceTree = "<group>"; };
		34CA961F1FFCA8F000F1FA1C /* PeekViewController.swift */ = {isa = PBXFileReference; lastKnownFileType = sourcecode.swift; path = PeekViewController.swift; sourceTree = "<group>"; };
		7ACAED9C2011BED6007C397E /* UIViewController+VisibleViewController.swift */ = {isa = PBXFileReference; lastKnownFileType = sourcecode.swift; path = "UIViewController+VisibleViewController.swift"; sourceTree = "<group>"; };
		ECE66B40DC122B8C3EC0A5F5 /* Pods-talk.debug.xcconfig */ = {isa = PBXFileReference; includeInIndex = 1; lastKnownFileType = text.xcconfig; name = "Pods-talk.debug.xcconfig"; path = "Pods/Target Support Files/Pods-talk/Pods-talk.debug.xcconfig"; sourceTree = "<group>"; };
/* End PBXFileReference section */

/* Begin PBXFrameworksBuildPhase section */
		349EAD431F2F55CE005833ED /* Frameworks */ = {
			isa = PBXFrameworksBuildPhase;
			buildActionMask = 2147483647;
			files = (
				3441E85A2013A271004DB937 /* AVFoundation.framework in Frameworks */,
				804786F12FEC50D2922F1B4E /* Pods_talk.framework in Frameworks */,
			);
			runOnlyForDeploymentPostprocessing = 0;
		};
/* End PBXFrameworksBuildPhase section */

/* Begin PBXGroup section */
		1C7C0BED4E0C1FF750B05483 /* Pods */ = {
			isa = PBXGroup;
			children = (
				ECE66B40DC122B8C3EC0A5F5 /* Pods-talk.debug.xcconfig */,
				1C88405B7140C053588D5714 /* Pods-talk.release.xcconfig */,
			);
			name = Pods;
			sourceTree = "<group>";
		};
		3409FB942002562E001FF169 /* Cell */ = {
			isa = PBXGroup;
			children = (
				3409FB9920025682001FF169 /* UploadStoryTextCell.swift */,
				3409FB9A20025682001FF169 /* UploadStoryTextCell.xib */,
				3409FB9F200256B1001FF169 /* UploadStoryImageCell.swift */,
				3409FBA0200256B1001FF169 /* UploadStoryImageCell.xib */,
			);
			path = Cell;
			sourceTree = "<group>";
		};
		34211D081F3A0714000F0C94 /* StoryBoard */ = {
			isa = PBXGroup;
			children = (
				34211D091F3A0714000F0C94 /* Contact.storyboard */,
				34211D0B1F3A0714000F0C94 /* Login.storyboard */,
				34211D0C1F3A0714000F0C94 /* SignUp.storyboard */,
				34211D0E1F3A0714000F0C94 /* TalkRoom.storyboard */,
				3459A7341F5264B2000D2FC5 /* UserInfo.storyboard */,
				342888611FB9D2AE00D7EB61 /* Story.storyboard */,
				347CAAD11FE7F42C006562E6 /* UploadStory.storyboard */,
				343071691FFB418800503F77 /* Album.storyboard */,
				34CA961D1FFCA8A800F1FA1C /* Peek.storyboard */,
				34A13B882016086B00E6688E /* EditUserInfo.storyboard */,
				349B65562042A52500576F39 /* TalkHistory.storyboard */,
				3476B0AA2042B5960078256D /* Find.storyboard */,
				3476B0B020443C960078256D /* Matching.storyboard */,
				3476B0B520443F150078256D /* SideMenu.storyboard */,
				3476B0C82046D7820078256D /* Browse.storyboard */,
				34C40DFD204EC48200F160D0 /* Setting.storyboard */,
			);
			path = StoryBoard;
			sourceTree = "<group>";
		};
		34211D0F1F3A0714000F0C94 /* View */ = {
			isa = PBXGroup;
			children = (
				34C40DFC204EC47600F160D0 /* Setting */,
				3476B0C72046D7730078256D /* Browse */,
				3476B0B420443F0A0078256D /* SideMenu */,
				3476B0AC20443C290078256D /* Matching */,
				3476B0A22042B53F0078256D /* Find */,
				349B65552042A51300576F39 /* TalkHistory */,
				34A13B872016084700E6688E /* EditUserInfo */,
				34CA961C1FFCA89000F1FA1C /* Peek */,
				343071661FFB415E00503F77 /* Album */,
				347CAACE1FE7F3E9006562E6 /* UploadStory */,
				346219611F66CA66004998E8 /* CustomView */,
				342888601FB9D29800D7EB61 /* Story */,
				3459A7301F526481000D2FC5 /* UserInfo */,
				34211D101F3A0714000F0C94 /* Contact */,
				34211D151F3A0714000F0C94 /* Home */,
				34211D161F3A0714000F0C94 /* Login */,
				34211D181F3A0714000F0C94 /* SignUp */,
				34211D1F1F3A0714000F0C94 /* TalkRoom */,
			);
			path = View;
			sourceTree = "<group>";
		};
		34211D101F3A0714000F0C94 /* Contact */ = {
			isa = PBXGroup;
			children = (
				34211D111F3A0714000F0C94 /* Cell */,
				34211D141F3A0714000F0C94 /* ContactViewController.swift */,
			);
			path = Contact;
			sourceTree = "<group>";
		};
		34211D111F3A0714000F0C94 /* Cell */ = {
			isa = PBXGroup;
			children = (
				34211D121F3A0714000F0C94 /* ContactCell.swift */,
				34211D131F3A0714000F0C94 /* ContactCell.xib */,
			);
			path = Cell;
			sourceTree = "<group>";
		};
		34211D151F3A0714000F0C94 /* Home */ = {
			isa = PBXGroup;
			children = (
			);
			path = Home;
			sourceTree = "<group>";
		};
		34211D161F3A0714000F0C94 /* Login */ = {
			isa = PBXGroup;
			children = (
				34211D171F3A0714000F0C94 /* LoginViewController.swift */,
			);
			path = Login;
			sourceTree = "<group>";
		};
		34211D181F3A0714000F0C94 /* SignUp */ = {
			isa = PBXGroup;
			children = (
				346BAA301F8F9A5E0065A762 /* SignUpViewController.swift */,
			);
			path = SignUp;
			sourceTree = "<group>";
		};
		34211D1F1F3A0714000F0C94 /* TalkRoom */ = {
			isa = PBXGroup;
			children = (
				34211D201F3A0714000F0C94 /* Cell */,
				34211D211F3A0714000F0C94 /* TalkRoomViewController.swift */,
			);
			path = TalkRoom;
			sourceTree = "<group>";
		};
		34211D201F3A0714000F0C94 /* Cell */ = {
			isa = PBXGroup;
			children = (
				340627221F53320D00821E39 /* ReceiveTextCell.swift */,
				340627231F53320D00821E39 /* ReceiveTextCell.xib */,
				340627241F53320D00821E39 /* SendTextCell.swift */,
				340627251F53320D00821E39 /* SendTextCell.xib */,
			);
			path = Cell;
			sourceTree = "<group>";
		};
		342888601FB9D29800D7EB61 /* Story */ = {
			isa = PBXGroup;
			children = (
				342888651FB9D7C700D7EB61 /* Cell */,
				342888631FB9D33000D7EB61 /* StoryViewController.swift */,
			);
			path = Story;
			sourceTree = "<group>";
		};
		342888651FB9D7C700D7EB61 /* Cell */ = {
			isa = PBXGroup;
			children = (
				342888661FB9D7E900D7EB61 /* PostsTableViewCell.swift */,
				342888671FB9D7E900D7EB61 /* PostsTableViewCell.xib */,
			);
			path = Cell;
			sourceTree = "<group>";
		};
		343071661FFB415E00503F77 /* Album */ = {
			isa = PBXGroup;
			children = (
				3430716B1FFB420600503F77 /* Cell */,
				343071671FFB417800503F77 /* AlbumViewController.swift */,
			);
			path = Album;
			sourceTree = "<group>";
		};
		3430716B1FFB420600503F77 /* Cell */ = {
			isa = PBXGroup;
			children = (
				3430716E1FFB424700503F77 /* AlbumCell.swift */,
				3430716F1FFB424700503F77 /* AlbumCell.xib */,
			);
			path = Cell;
			sourceTree = "<group>";
		};
		344C27411F3358C200FD5805 /* Extension */ = {
			isa = PBXGroup;
			children = (
				346219661F696D56004998E8 /* UIImage+Color.swift */,
				3461F4FC1F6E6CAE000D09D5 /* UIView+Frame.swift */,
				7ACAED9C2011BED6007C397E /* UIViewController+VisibleViewController.swift */,
			);
			path = Extension;
			sourceTree = "<group>";
		};
		3459A7301F526481000D2FC5 /* UserInfo */ = {
			isa = PBXGroup;
			children = (
				34C40E0720515A5600F160D0 /* Cell */,
				341628CE202FDA2F000E2FE7 /* UserInfoViewController.swift */,
			);
			path = UserInfo;
			sourceTree = "<group>";
		};
		346219611F66CA66004998E8 /* CustomView */ = {
			isa = PBXGroup;
			children = (
				346219621F66CACE004998E8 /* CustomBadgeView.swift */,
			);
			path = CustomView;
			sourceTree = "<group>";
		};
		346BAA381F9E1FEB0065A762 /* DAO */ = {
			isa = PBXGroup;
			children = (
				347DB0831F9F6F3700192DC5 /* MessageDao.swift */,
				347DB0851F9F6F4600192DC5 /* ChatRoomDao.swift */,
			);
			path = DAO;
			sourceTree = "<group>";
		};
		3476B0A22042B53F0078256D /* Find */ = {
			isa = PBXGroup;
			children = (
				3476B0A32042B53F0078256D /* Cell */,
				3476B0A42042B5630078256D /* FindViewController.swift */,
			);
			path = Find;
			sourceTree = "<group>";
		};
		3476B0A32042B53F0078256D /* Cell */ = {
			isa = PBXGroup;
			children = (
				3476B0A62042B57B0078256D /* FindCell.swift */,
				3476B0A72042B57B0078256D /* FindCell.xib */,
			);
			path = Cell;
			sourceTree = "<group>";
		};
		3476B0AC20443C290078256D /* Matching */ = {
			isa = PBXGroup;
			children = (
				3476B0AD20443C290078256D /* Cell */,
				3476B0AE20443C850078256D /* MatchingViewController.swift */,
			);
			path = Matching;
			sourceTree = "<group>";
		};
		3476B0AD20443C290078256D /* Cell */ = {
			isa = PBXGroup;
			children = (
			);
			path = Cell;
			sourceTree = "<group>";
		};
		3476B0B420443F0A0078256D /* SideMenu */ = {
			isa = PBXGroup;
			children = (
				3476B0B7204440BB0078256D /* SideMenuViewController.swift */,
				3476B0BD204455900078256D /* SideHeaderCell.swift */,
				3476B0BE204455900078256D /* SideHeaderCell.xib */,
				3476B0C120457B630078256D /* SideNormalCell.swift */,
				3476B0C220457B630078256D /* SideNormalCell.xib */,
			);
			path = SideMenu;
			sourceTree = "<group>";
		};
		3476B0C72046D7730078256D /* Browse */ = {
			isa = PBXGroup;
			children = (
				3476B0CA2046D7E60078256D /* BrowseViewController.swift */,
				3476B0CC2046D8CE0078256D /* BrowseCell.swift */,
				3476B0CD2046D8CE0078256D /* BrowseCell.xib */,
			);
			path = Browse;
			sourceTree = "<group>";
		};
		347CAACE1FE7F3E9006562E6 /* UploadStory */ = {
			isa = PBXGroup;
			children = (
				3409FB942002562E001FF169 /* Cell */,
				347CAACF1FE7F413006562E6 /* UploadStoryViewController.swift */,
			);
			path = UploadStory;
			sourceTree = "<group>";
		};
		3486C0462057F9A100FF3B23 /* Cell */ = {
			isa = PBXGroup;
			children = (
				3486C0472057F9C600FF3B23 /* EditProfileCell.swift */,
				3486C0492057F9F100FF3B23 /* EditBioCell.swift */,
				3486C04B2057FA0800FF3B23 /* EditContactInfoCell.swift */,
			);
			path = Cell;
			sourceTree = "<group>";
		};
		349B65552042A51300576F39 /* TalkHistory */ = {
			isa = PBXGroup;
			children = (
				349B655A2042A5FF00576F39 /* Cell */,
				349B65582042A56900576F39 /* TalkHistoryViewController.swift */,
			);
			path = TalkHistory;
			sourceTree = "<group>";
		};
		349B655A2042A5FF00576F39 /* Cell */ = {
			isa = PBXGroup;
			children = (
				349B655B2042A61F00576F39 /* TalkHistoryCell.swift */,
				349B655C2042A61F00576F39 /* TalkHistoryCell.xib */,
			);
			path = Cell;
			sourceTree = "<group>";
		};
		349EAD3D1F2F55CE005833ED = {
			isa = PBXGroup;
			children = (
				349EAD481F2F55CE005833ED /* talk */,
				349EAD471F2F55CE005833ED /* Products */,
				1C7C0BED4E0C1FF750B05483 /* Pods */,
				F4421D63EAEE078F3728A42A /* Frameworks */,
			);
			sourceTree = "<group>";
		};
		349EAD471F2F55CE005833ED /* Products */ = {
			isa = PBXGroup;
			children = (
				349EAD461F2F55CE005833ED /* talk.app */,
			);
			name = Products;
			sourceTree = "<group>";
		};
		349EAD481F2F55CE005833ED /* talk */ = {
			isa = PBXGroup;
			children = (
				34211D081F3A0714000F0C94 /* StoryBoard */,
				34211D0F1F3A0714000F0C94 /* View */,
				344C27411F3358C200FD5805 /* Extension */,
				346BAA381F9E1FEB0065A762 /* DAO */,
				349EAD5E1F2F59CF005833ED /* Manager */,
				349EAD5F1F2F59CF005833ED /* Model */,
				349EAD651F2F59CF005833ED /* Resource */,
				349EAD531F2F55CE005833ED /* Assets.xcassets */,
				349EAD581F2F55CE005833ED /* Info.plist */,
			);
			path = talk;
			sourceTree = "<group>";
		};
		349EAD5E1F2F59CF005833ED /* Manager */ = {
			isa = PBXGroup;
			children = (
				3459A70D1F3B3CC8000D2FC5 /* CoreDataHelper.swift */,
				3459A7261F504AA6000D2FC5 /* RemoteChatManager.swift */,
				3406272E1F5ADAC500821E39 /* DataManager.swift */,
			);
			path = Manager;
			sourceTree = "<group>";
		};
		349EAD5F1F2F59CF005833ED /* Model */ = {
			isa = PBXGroup;
			children = (
				34E7EDF81F30BDA900D87C1C /* API */,
				346BAA341F92471B0065A762 /* Response.swift */,
			);
			path = Model;
			sourceTree = "<group>";
		};
		349EAD651F2F59CF005833ED /* Resource */ = {
			isa = PBXGroup;
			children = (
				3476B0B220443D2F0078256D /* R.generated.swift */,
				349EAD501F2F55CE005833ED /* talk.xcdatamodeld */,
				346BAA361F9E1FDC0065A762 /* Const.swift */,
				349EAD661F2F59CF005833ED /* AppDelegate.swift */,
				349EAD671F2F59CF005833ED /* InterfaceBuilder */,
				3462195F1F65051E004998E8 /* Common.swift */,
			);
			path = Resource;
			sourceTree = "<group>";
		};
		349EAD671F2F59CF005833ED /* InterfaceBuilder */ = {
			isa = PBXGroup;
			children = (
				349EAD681F2F59CF005833ED /* LaunchScreen.storyboard */,
			);
			path = InterfaceBuilder;
			sourceTree = "<group>";
		};
		34A13B872016084700E6688E /* EditUserInfo */ = {
			isa = PBXGroup;
			children = (
				3486C0462057F9A100FF3B23 /* Cell */,
				341628DE20300776000E2FE7 /* EditUserInfoViewController.swift */,
			);
			path = EditUserInfo;
			sourceTree = "<group>";
		};
		34C40DFC204EC47600F160D0 /* Setting */ = {
			isa = PBXGroup;
			children = (
				34C40DFF204EC49800F160D0 /* SettingViewController.swift */,
			);
			path = Setting;
			sourceTree = "<group>";
		};
		34C40E0720515A5600F160D0 /* Cell */ = {
			isa = PBXGroup;
			children = (
				34C40E01205159FC00F160D0 /* ProfileCell.swift */,
				34C40E0320515A2A00F160D0 /* BioCell.swift */,
				34C40E0520515A4200F160D0 /* ContactInfoCell.swift */,
			);
			path = Cell;
			sourceTree = "<group>";
		};
		34CA961C1FFCA89000F1FA1C /* Peek */ = {
			isa = PBXGroup;
			children = (
				34CA961F1FFCA8F000F1FA1C /* PeekViewController.swift */,
			);
			path = Peek;
			sourceTree = "<group>";
		};
		34E7EDF81F30BDA900D87C1C /* API */ = {
			isa = PBXGroup;
			children = (
				342600111FD3B2EA009857E7 /* UserInfo.swift */,
				342600191FD3B3C4009857E7 /* Follow.swift */,
				3426001B1FD3B3F4009857E7 /* Posts.swift */,
				342600151FD3B34B009857E7 /* Message.swift */,
				342600171FD3B392009857E7 /* ChatRoom.swift */,
			);
			path = API;
			sourceTree = "<group>";
		};
		F4421D63EAEE078F3728A42A /* Frameworks */ = {
			isa = PBXGroup;
			children = (
				3441E8592013A271004DB937 /* AVFoundation.framework */,
				30ACE6F08B4BEC66F2F7EE75 /* Pods_talk.framework */,
			);
			name = Frameworks;
			sourceTree = "<group>";
		};
/* End PBXGroup section */

/* Begin PBXNativeTarget section */
		349EAD451F2F55CE005833ED /* talk */ = {
			isa = PBXNativeTarget;
			buildConfigurationList = 349EAD5B1F2F55CE005833ED /* Build configuration list for PBXNativeTarget "talk" */;
			buildPhases = (
				CBFA38D5ECA35E05AC293680 /* [CP] Check Pods Manifest.lock */,
				3406271F1F53314C00821E39 /* R.swift */,
				349EAD421F2F55CE005833ED /* Sources */,
				349EAD431F2F55CE005833ED /* Frameworks */,
				349EAD441F2F55CE005833ED /* Resources */,
				553EE7F80FD0D0735136E45C /* [CP] Embed Pods Frameworks */,
				A1D884EF91D9F38B44E7C237 /* [CP] Copy Pods Resources */,
			);
			buildRules = (
			);
			dependencies = (
			);
			name = talk;
			productName = talk;
			productReference = 349EAD461F2F55CE005833ED /* talk.app */;
			productType = "com.apple.product-type.application";
		};
/* End PBXNativeTarget section */

/* Begin PBXProject section */
		349EAD3E1F2F55CE005833ED /* Project object */ = {
			isa = PBXProject;
			attributes = {
				LastSwiftUpdateCheck = 0830;
				LastUpgradeCheck = 0900;
				TargetAttributes = {
					349EAD451F2F55CE005833ED = {
						CreatedOnToolsVersion = 8.3.3;
						DevelopmentTeam = 9VLE4ZJUBP;
						LastSwiftMigration = 0900;
						ProvisioningStyle = Automatic;
					};
				};
			};
			buildConfigurationList = 349EAD411F2F55CE005833ED /* Build configuration list for PBXProject "talk" */;
			compatibilityVersion = "Xcode 3.2";
			developmentRegion = English;
			hasScannedForEncodings = 0;
			knownRegions = (
				en,
				Base,
			);
			mainGroup = 349EAD3D1F2F55CE005833ED;
			productRefGroup = 349EAD471F2F55CE005833ED /* Products */;
			projectDirPath = "";
			projectRoot = "";
			targets = (
				349EAD451F2F55CE005833ED /* talk */,
			);
		};
/* End PBXProject section */

/* Begin PBXResourcesBuildPhase section */
		349EAD441F2F55CE005833ED /* Resources */ = {
			isa = PBXResourcesBuildPhase;
			buildActionMask = 2147483647;
			files = (
				349B65572042A52500576F39 /* TalkHistory.storyboard in Resources */,
				349EAD6B1F2F59CF005833ED /* LaunchScreen.storyboard in Resources */,
				3476B0C92046D7820078256D /* Browse.storyboard in Resources */,
				3476B0B120443C960078256D /* Matching.storyboard in Resources */,
				340627291F53320D00821E39 /* SendTextCell.xib in Resources */,
				34211D221F3A0714000F0C94 /* Contact.storyboard in Resources */,
				34211D251F3A0714000F0C94 /* SignUp.storyboard in Resources */,
				34211D291F3A0714000F0C94 /* ContactCell.xib in Resources */,
				3476B0A92042B57B0078256D /* FindCell.xib in Resources */,
				342888621FB9D2AE00D7EB61 /* Story.storyboard in Resources */,
				3430716A1FFB418800503F77 /* Album.storyboard in Resources */,
				340627271F53320D00821E39 /* ReceiveTextCell.xib in Resources */,
				3476B0B620443F150078256D /* SideMenu.storyboard in Resources */,
				349B655E2042A61F00576F39 /* TalkHistoryCell.xib in Resources */,
				34211D271F3A0714000F0C94 /* TalkRoom.storyboard in Resources */,
				3409FB9C20025682001FF169 /* UploadStoryTextCell.xib in Resources */,
				343071711FFB424700503F77 /* AlbumCell.xib in Resources */,
				34C40DFE204EC48200F160D0 /* Setting.storyboard in Resources */,
				349EAD541F2F55CE005833ED /* Assets.xcassets in Resources */,
				3476B0CF2046D8CE0078256D /* BrowseCell.xib in Resources */,
				3476B0C0204455900078256D /* SideHeaderCell.xib in Resources */,
				342888691FB9D7E900D7EB61 /* PostsTableViewCell.xib in Resources */,
				34A13B892016086B00E6688E /* EditUserInfo.storyboard in Resources */,
				3459A7351F5264B2000D2FC5 /* UserInfo.storyboard in Resources */,
				34211D241F3A0714000F0C94 /* Login.storyboard in Resources */,
				347CAAD21FE7F42C006562E6 /* UploadStory.storyboard in Resources */,
				3409FBA2200256B1001FF169 /* UploadStoryImageCell.xib in Resources */,
				34CA961E1FFCA8A800F1FA1C /* Peek.storyboard in Resources */,
				3476B0C420457B630078256D /* SideNormalCell.xib in Resources */,
				3476B0AB2042B5960078256D /* Find.storyboard in Resources */,
			);
			runOnlyForDeploymentPostprocessing = 0;
		};
/* End PBXResourcesBuildPhase section */

/* Begin PBXShellScriptBuildPhase section */
		3406271F1F53314C00821E39 /* R.swift */ = {
			isa = PBXShellScriptBuildPhase;
			buildActionMask = 2147483647;
			files = (
			);
			inputPaths = (
			);
			name = R.swift;
			outputPaths = (
			);
			runOnlyForDeploymentPostprocessing = 0;
			shellPath = /bin/sh;
			shellScript = "\"$PODS_ROOT/R.swift/rswift\" generate \"$SRCROOT\"\n";
		};
		553EE7F80FD0D0735136E45C /* [CP] Embed Pods Frameworks */ = {
			isa = PBXShellScriptBuildPhase;
			buildActionMask = 2147483647;
			files = (
			);
			inputPaths = (
				"${SRCROOT}/Pods/Target Support Files/Pods-talk/Pods-talk-frameworks.sh",
				"${BUILT_PRODUCTS_DIR}/Bolts/Bolts.framework",
				"${BUILT_PRODUCTS_DIR}/GzipSwift/Gzip.framework",
				"${BUILT_PRODUCTS_DIR}/Parse/Parse.framework",
				"${BUILT_PRODUCTS_DIR}/R.swift.Library/Rswift.framework",
				"${BUILT_PRODUCTS_DIR}/SDWebImage/SDWebImage.framework",
				"${PODS_ROOT}/SendBirdSDK/SendBirdSDK.framework",
				"${PODS_ROOT}/SendBirdSDK/SendBirdSDK.framework.dSYM",
				"${BUILT_PRODUCTS_DIR}/UPCarouselFlowLayout/UPCarouselFlowLayout.framework",
			);
			name = "[CP] Embed Pods Frameworks";
			outputPaths = (
				"${TARGET_BUILD_DIR}/${FRAMEWORKS_FOLDER_PATH}/Bolts.framework",
				"${TARGET_BUILD_DIR}/${FRAMEWORKS_FOLDER_PATH}/Gzip.framework",
				"${TARGET_BUILD_DIR}/${FRAMEWORKS_FOLDER_PATH}/Parse.framework",
				"${TARGET_BUILD_DIR}/${FRAMEWORKS_FOLDER_PATH}/Rswift.framework",
				"${TARGET_BUILD_DIR}/${FRAMEWORKS_FOLDER_PATH}/SDWebImage.framework",
				"${TARGET_BUILD_DIR}/${FRAMEWORKS_FOLDER_PATH}/SendBirdSDK.framework",
				"${DWARF_DSYM_FOLDER_PATH}/SendBirdSDK.framework.dSYM",
				"${TARGET_BUILD_DIR}/${FRAMEWORKS_FOLDER_PATH}/UPCarouselFlowLayout.framework",
			);
			runOnlyForDeploymentPostprocessing = 0;
			shellPath = /bin/sh;
			shellScript = "\"${SRCROOT}/Pods/Target Support Files/Pods-talk/Pods-talk-frameworks.sh\"\n";
			showEnvVarsInLog = 0;
		};
		A1D884EF91D9F38B44E7C237 /* [CP] Copy Pods Resources */ = {
			isa = PBXShellScriptBuildPhase;
			buildActionMask = 2147483647;
			files = (
			);
			inputPaths = (
			);
			name = "[CP] Copy Pods Resources";
			outputPaths = (
			);
			runOnlyForDeploymentPostprocessing = 0;
			shellPath = /bin/sh;
			shellScript = "\"${SRCROOT}/Pods/Target Support Files/Pods-talk/Pods-talk-resources.sh\"\n";
			showEnvVarsInLog = 0;
		};
		CBFA38D5ECA35E05AC293680 /* [CP] Check Pods Manifest.lock */ = {
			isa = PBXShellScriptBuildPhase;
			buildActionMask = 2147483647;
			files = (
			);
			inputPaths = (
				"${PODS_PODFILE_DIR_PATH}/Podfile.lock",
				"${PODS_ROOT}/Manifest.lock",
			);
			name = "[CP] Check Pods Manifest.lock";
			outputPaths = (
				"$(DERIVED_FILE_DIR)/Pods-talk-checkManifestLockResult.txt",
			);
			runOnlyForDeploymentPostprocessing = 0;
			shellPath = /bin/sh;
			shellScript = "diff \"${PODS_PODFILE_DIR_PATH}/Podfile.lock\" \"${PODS_ROOT}/Manifest.lock\" > /dev/null\nif [ $? != 0 ] ; then\n    # print error to STDERR\n    echo \"error: The sandbox is not in sync with the Podfile.lock. Run 'pod install' or update your CocoaPods installation.\" >&2\n    exit 1\nfi\n# This output is used by Xcode 'outputs' to avoid re-running this script phase.\necho \"SUCCESS\" > \"${SCRIPT_OUTPUT_FILE_0}\"\n";
			showEnvVarsInLog = 0;
		};
/* End PBXShellScriptBuildPhase section */

/* Begin PBXSourcesBuildPhase section */
		349EAD421F2F55CE005833ED /* Sources */ = {
			isa = PBXSourcesBuildPhase;
			buildActionMask = 2147483647;
			files = (
				340627261F53320D00821E39 /* ReceiveTextCell.swift in Sources */,
				34211D281F3A0714000F0C94 /* ContactCell.swift in Sources */,
				3409FBA1200256B1001FF169 /* UploadStoryImageCell.swift in Sources */,
				347DB0841F9F6F3700192DC5 /* MessageDao.swift in Sources */,
				349EAD6A1F2F59CF005833ED /* AppDelegate.swift in Sources */,
				341628CF202FDA2F000E2FE7 /* UserInfoViewController.swift in Sources */,
				34C40E0420515A2A00F160D0 /* BioCell.swift in Sources */,
				34C40E02205159FC00F160D0 /* ProfileCell.swift in Sources */,
				347DB0861F9F6F4600192DC5 /* ChatRoomDao.swift in Sources */,
				3476B0CE2046D8CE0078256D /* BrowseCell.swift in Sources */,
				3486C04C2057FA0800FF3B23 /* EditContactInfoCell.swift in Sources */,
				349B655D2042A61F00576F39 /* TalkHistoryCell.swift in Sources */,
				349EAD521F2F55CE005833ED /* talk.xcdatamodeld in Sources */,
				3476B0AF20443C850078256D /* MatchingViewController.swift in Sources */,
				342600121FD3B2EA009857E7 /* UserInfo.swift in Sources */,
				343071701FFB424700503F77 /* AlbumCell.swift in Sources */,
				346BAA371F9E1FDD0065A762 /* Const.swift in Sources */,
				3476B0BF204455900078256D /* SideHeaderCell.swift in Sources */,
				346219671F696D56004998E8 /* UIImage+Color.swift in Sources */,
				3486C04A2057F9F100FF3B23 /* EditBioCell.swift in Sources */,
				3461F4FD1F6E6CAE000D09D5 /* UIView+Frame.swift in Sources */,
				3476B0CB2046D7E60078256D /* BrowseViewController.swift in Sources */,
				349B65592042A56900576F39 /* TalkHistoryViewController.swift in Sources */,
				343071681FFB417800503F77 /* AlbumViewController.swift in Sources */,
				3459A70E1F3B3CC8000D2FC5 /* CoreDataHelper.swift in Sources */,
				342888681FB9D7E900D7EB61 /* PostsTableViewCell.swift in Sources */,
				342600161FD3B34B009857E7 /* Message.swift in Sources */,
				342600181FD3B392009857E7 /* ChatRoom.swift in Sources */,
				346BAA351F92471B0065A762 /* Response.swift in Sources */,
				342888641FB9D33000D7EB61 /* StoryViewController.swift in Sources */,
				3476B0C320457B630078256D /* SideNormalCell.swift in Sources */,
				3476B0A82042B57B0078256D /* FindCell.swift in Sources */,
				34211D301F3A0714000F0C94 /* TalkRoomViewController.swift in Sources */,
				3426001C1FD3B3F4009857E7 /* Posts.swift in Sources */,
				34211D2A1F3A0714000F0C94 /* ContactViewController.swift in Sources */,
				340627281F53320D00821E39 /* SendTextCell.swift in Sources */,
				3409FB9B20025682001FF169 /* UploadStoryTextCell.swift in Sources */,
				3476B0B320443D2F0078256D /* R.generated.swift in Sources */,
				3459A7271F504AA6000D2FC5 /* RemoteChatManager.swift in Sources */,
				34C40E00204EC49800F160D0 /* SettingViewController.swift in Sources */,
				346219631F66CACE004998E8 /* CustomBadgeView.swift in Sources */,
				3486C0482057F9C600FF3B23 /* EditProfileCell.swift in Sources */,
				7ACAED9D2011BED6007C397E /* UIViewController+VisibleViewController.swift in Sources */,
				34C40E0620515A4200F160D0 /* ContactInfoCell.swift in Sources */,
				341628DF20300776000E2FE7 /* EditUserInfoViewController.swift in Sources */,
				34211D2B1F3A0714000F0C94 /* LoginViewController.swift in Sources */,
				3476B0A52042B5630078256D /* FindViewController.swift in Sources */,
				34CA96201FFCA8F000F1FA1C /* PeekViewController.swift in Sources */,
				3406272F1F5ADAC500821E39 /* DataManager.swift in Sources */,
				347CAAD01FE7F413006562E6 /* UploadStoryViewController.swift in Sources */,
				3476B0B8204440BB0078256D /* SideMenuViewController.swift in Sources */,
				346219601F65051E004998E8 /* Common.swift in Sources */,
				346BAA311F8F9A5E0065A762 /* SignUpViewController.swift in Sources */,
				3426001A1FD3B3C4009857E7 /* Follow.swift in Sources */,
			);
			runOnlyForDeploymentPostprocessing = 0;
		};
/* End PBXSourcesBuildPhase section */

/* Begin XCBuildConfiguration section */
		349EAD591F2F55CE005833ED /* Debug */ = {
			isa = XCBuildConfiguration;
			buildSettings = {
				ALWAYS_SEARCH_USER_PATHS = NO;
				CLANG_ANALYZER_NONNULL = YES;
				CLANG_ANALYZER_NUMBER_OBJECT_CONVERSION = YES_AGGRESSIVE;
				CLANG_CXX_LANGUAGE_STANDARD = "gnu++0x";
				CLANG_CXX_LIBRARY = "libc++";
				CLANG_ENABLE_MODULES = YES;
				CLANG_ENABLE_OBJC_ARC = YES;
				CLANG_WARN_BLOCK_CAPTURE_AUTORELEASING = YES;
				CLANG_WARN_BOOL_CONVERSION = YES;
				CLANG_WARN_COMMA = YES;
				CLANG_WARN_CONSTANT_CONVERSION = YES;
				CLANG_WARN_DIRECT_OBJC_ISA_USAGE = YES_ERROR;
				CLANG_WARN_DOCUMENTATION_COMMENTS = YES;
				CLANG_WARN_EMPTY_BODY = YES;
				CLANG_WARN_ENUM_CONVERSION = YES;
				CLANG_WARN_INFINITE_RECURSION = YES;
				CLANG_WARN_INT_CONVERSION = YES;
				CLANG_WARN_NON_LITERAL_NULL_CONVERSION = YES;
				CLANG_WARN_OBJC_LITERAL_CONVERSION = YES;
				CLANG_WARN_OBJC_ROOT_CLASS = YES_ERROR;
				CLANG_WARN_RANGE_LOOP_ANALYSIS = YES;
				CLANG_WARN_STRICT_PROTOTYPES = YES;
				CLANG_WARN_SUSPICIOUS_MOVE = YES;
				CLANG_WARN_UNREACHABLE_CODE = YES;
				CLANG_WARN__DUPLICATE_METHOD_MATCH = YES;
				"CODE_SIGN_IDENTITY[sdk=iphoneos*]" = "iPhone Developer";
				COPY_PHASE_STRIP = NO;
				DEBUG_INFORMATION_FORMAT = dwarf;
				ENABLE_STRICT_OBJC_MSGSEND = YES;
				ENABLE_TESTABILITY = YES;
				GCC_C_LANGUAGE_STANDARD = gnu99;
				GCC_DYNAMIC_NO_PIC = NO;
				GCC_NO_COMMON_BLOCKS = YES;
				GCC_OPTIMIZATION_LEVEL = 0;
				GCC_PREPROCESSOR_DEFINITIONS = (
					"DEBUG=1",
					"$(inherited)",
				);
				GCC_WARN_64_TO_32_BIT_CONVERSION = YES;
				GCC_WARN_ABOUT_RETURN_TYPE = YES_ERROR;
				GCC_WARN_UNDECLARED_SELECTOR = YES;
				GCC_WARN_UNINITIALIZED_AUTOS = YES_AGGRESSIVE;
				GCC_WARN_UNUSED_FUNCTION = YES;
				GCC_WARN_UNUSED_VARIABLE = YES;
				IPHONEOS_DEPLOYMENT_TARGET = 10.3;
				MTL_ENABLE_DEBUG_INFO = YES;
				ONLY_ACTIVE_ARCH = YES;
				SDKROOT = iphoneos;
				SWIFT_ACTIVE_COMPILATION_CONDITIONS = DEBUG;
				SWIFT_OPTIMIZATION_LEVEL = "-Onone";
			};
			name = Debug;
		};
		349EAD5A1F2F55CE005833ED /* Release */ = {
			isa = XCBuildConfiguration;
			buildSettings = {
				ALWAYS_SEARCH_USER_PATHS = NO;
				CLANG_ANALYZER_NONNULL = YES;
				CLANG_ANALYZER_NUMBER_OBJECT_CONVERSION = YES_AGGRESSIVE;
				CLANG_CXX_LANGUAGE_STANDARD = "gnu++0x";
				CLANG_CXX_LIBRARY = "libc++";
				CLANG_ENABLE_MODULES = YES;
				CLANG_ENABLE_OBJC_ARC = YES;
				CLANG_WARN_BLOCK_CAPTURE_AUTORELEASING = YES;
				CLANG_WARN_BOOL_CONVERSION = YES;
				CLANG_WARN_COMMA = YES;
				CLANG_WARN_CONSTANT_CONVERSION = YES;
				CLANG_WARN_DIRECT_OBJC_ISA_USAGE = YES_ERROR;
				CLANG_WARN_DOCUMENTATION_COMMENTS = YES;
				CLANG_WARN_EMPTY_BODY = YES;
				CLANG_WARN_ENUM_CONVERSION = YES;
				CLANG_WARN_INFINITE_RECURSION = YES;
				CLANG_WARN_INT_CONVERSION = YES;
				CLANG_WARN_NON_LITERAL_NULL_CONVERSION = YES;
				CLANG_WARN_OBJC_LITERAL_CONVERSION = YES;
				CLANG_WARN_OBJC_ROOT_CLASS = YES_ERROR;
				CLANG_WARN_RANGE_LOOP_ANALYSIS = YES;
				CLANG_WARN_STRICT_PROTOTYPES = YES;
				CLANG_WARN_SUSPICIOUS_MOVE = YES;
				CLANG_WARN_UNREACHABLE_CODE = YES;
				CLANG_WARN__DUPLICATE_METHOD_MATCH = YES;
				"CODE_SIGN_IDENTITY[sdk=iphoneos*]" = "iPhone Developer";
				COPY_PHASE_STRIP = NO;
				DEBUG_INFORMATION_FORMAT = "dwarf-with-dsym";
				ENABLE_NS_ASSERTIONS = NO;
				ENABLE_STRICT_OBJC_MSGSEND = YES;
				GCC_C_LANGUAGE_STANDARD = gnu99;
				GCC_NO_COMMON_BLOCKS = YES;
				GCC_WARN_64_TO_32_BIT_CONVERSION = YES;
				GCC_WARN_ABOUT_RETURN_TYPE = YES_ERROR;
				GCC_WARN_UNDECLARED_SELECTOR = YES;
				GCC_WARN_UNINITIALIZED_AUTOS = YES_AGGRESSIVE;
				GCC_WARN_UNUSED_FUNCTION = YES;
				GCC_WARN_UNUSED_VARIABLE = YES;
				IPHONEOS_DEPLOYMENT_TARGET = 10.3;
				MTL_ENABLE_DEBUG_INFO = NO;
				SDKROOT = iphoneos;
				SWIFT_OPTIMIZATION_LEVEL = "-Owholemodule";
				VALIDATE_PRODUCT = YES;
			};
			name = Release;
		};
		349EAD5C1F2F55CE005833ED /* Debug */ = {
			isa = XCBuildConfiguration;
			baseConfigurationReference = ECE66B40DC122B8C3EC0A5F5 /* Pods-talk.debug.xcconfig */;
			buildSettings = {
				ASSETCATALOG_COMPILER_APPICON_NAME = AppIcon;
				DEVELOPMENT_TEAM = 9VLE4ZJUBP;
				INFOPLIST_FILE = talk/Info.plist;
				IPHONEOS_DEPLOYMENT_TARGET = 9.0;
				LD_RUNPATH_SEARCH_PATHS = "$(inherited) @executable_path/Frameworks";
				PRODUCT_BUNDLE_IDENTIFIER = com.kim9.talk;
				PRODUCT_NAME = "$(TARGET_NAME)";
				SWIFT_SWIFT3_OBJC_INFERENCE = Off;
				SWIFT_VERSION = 4.0;
			};
			name = Debug;
		};
		349EAD5D1F2F55CE005833ED /* Release */ = {
			isa = XCBuildConfiguration;
			baseConfigurationReference = 1C88405B7140C053588D5714 /* Pods-talk.release.xcconfig */;
			buildSettings = {
				ASSETCATALOG_COMPILER_APPICON_NAME = AppIcon;
				DEVELOPMENT_TEAM = 9VLE4ZJUBP;
				INFOPLIST_FILE = talk/Info.plist;
				IPHONEOS_DEPLOYMENT_TARGET = 9.0;
				LD_RUNPATH_SEARCH_PATHS = "$(inherited) @executable_path/Frameworks";
				PRODUCT_BUNDLE_IDENTIFIER = com.kim9.talk;
				PRODUCT_NAME = "$(TARGET_NAME)";
				SWIFT_SWIFT3_OBJC_INFERENCE = Off;
				SWIFT_VERSION = 4.0;
			};
			name = Release;
		};
/* End XCBuildConfiguration section */

/* Begin XCConfigurationList section */
		349EAD411F2F55CE005833ED /* Build configuration list for PBXProject "talk" */ = {
			isa = XCConfigurationList;
			buildConfigurations = (
				349EAD591F2F55CE005833ED /* Debug */,
				349EAD5A1F2F55CE005833ED /* Release */,
			);
			defaultConfigurationIsVisible = 0;
			defaultConfigurationName = Release;
		};
		349EAD5B1F2F55CE005833ED /* Build configuration list for PBXNativeTarget "talk" */ = {
			isa = XCConfigurationList;
			buildConfigurations = (
				349EAD5C1F2F55CE005833ED /* Debug */,
				349EAD5D1F2F55CE005833ED /* Release */,
			);
			defaultConfigurationIsVisible = 0;
			defaultConfigurationName = Release;
		};
/* End XCConfigurationList section */

/* Begin XCVersionGroup section */
		349EAD501F2F55CE005833ED /* talk.xcdatamodeld */ = {
			isa = XCVersionGroup;
			children = (
				349EAD511F2F55CE005833ED /* talk.xcdatamodel */,
			);
			currentVersion = 349EAD511F2F55CE005833ED /* talk.xcdatamodel */;
			path = talk.xcdatamodeld;
			sourceTree = "<group>";
			versionGroupType = wrapper.xcdatamodel;
		};
/* End XCVersionGroup section */
	};
	rootObject = 349EAD3E1F2F55CE005833ED /* Project object */;
}
